
Microsoft Visual Studio Solution File, Format Version 12.00
# Visual Studio Version 17
VisualStudioVersion = 17.3.32825.248
MinimumVisualStudioVersion = 10.0.40219.1
Project("{FAE04EC0-301F-11D3-BF4B-00C04F79EFBC}") = "POS-System-with-SP-In_aspNetMVC", "POS-System-with-SP-In_aspNetMVC\POS-System-with-SP-In_aspNetMVC.csproj", "{D8A85DFD-4A56-4F9F-BF6F-E0D081841F78}"
EndProject
Global
	GlobalSection(SolutionConfigurationPlatforms) = preSolution
		Debug|Any CPU = Debug|Any CPU
		Release|Any CPU = Release|Any CPU
	EndGlobalSection
	GlobalSection(ProjectConfigurationPlatforms) = postSolution
		{D8A85DFD-4A56-4F9F-BF6F-E0D081841F78}.Debug|Any CPU.ActiveCfg = Debug|Any CPU
		{D8A85DFD-4A56-4F9F-BF6F-E0D081841F78}.Debug|Any CPU.Build.0 = Debug|Any CPU
		{D8A85DFD-4A56-4F9F-BF6F-E0D081841F78}.Release|Any CPU.ActiveCfg = Release|Any CPU
		{D8A85DFD-4A56-4F9F-BF6F-E0D081841F78}.Release|Any CPU.Build.0 = Release|Any CPU
	EndGlobalSection
	GlobalSection(SolutionProperties) = preSolution
		HideSolutionNode = FALSE
	EndGlobalSection
	GlobalSection(ExtensibilityGlobals) = postSolution
		SolutionGuid = {8DDEA3CB-9522-46C2-952A-831DD8CFADF8}
	EndGlobalSection
EndGlobal
